
Microsoft Visual Studio Solution File, Format Version 12.00
# Visual Studio Version 17
VisualStudioVersion = 17.3.32819.101
MinimumVisualStudioVersion = 10.0.40219.1
Project("{FAE04EC0-301F-11D3-BF4B-00C04F79EFBC}") = "Security02", "Security02.csproj", "{765FBC05-0567-4D34-84C8-E2F426FDE467}"
EndProject
Global
	GlobalSection(SolutionConfigurationPlatforms) = preSolution
		Debug|Any CPU = Debug|Any CPU
		Release|Any CPU = Release|Any CPU
	EndGlobalSection
	GlobalSection(ProjectConfigurationPlatforms) = postSolution
		{765FBC05-0567-4D34-84C8-E2F426FDE467}.Debug|Any CPU.ActiveCfg = Debug|Any CPU
		{765FBC05-0567-4D34-84C8-E2F426FDE467}.Debug|Any CPU.Build.0 = Debug|Any CPU
		{765FBC05-0567-4D34-84C8-E2F426FDE467}.Release|Any CPU.ActiveCfg = Release|Any CPU
		{765FBC05-0567-4D34-84C8-E2F426FDE467}.Release|Any CPU.Build.0 = Release|Any CPU
	EndGlobalSection
	GlobalSection(SolutionProperties) = preSolution
		HideSolutionNode = FALSE
	EndGlobalSection
	GlobalSection(ExtensibilityGlobals) = postSolution
		SolutionGuid = {52482CAC-A490-48F6-9C01-B7C914FE80F2}
	EndGlobalSection
EndGlobal
